
Microsoft Visual Studio Solution File, Format Version 12.00
# Visual Studio 14
VisualStudioVersion = 14.0.25420.1
MinimumVisualStudioVersion = 10.0.40219.1
Project("{FAE04EC0-301F-11D3-BF4B-00C04F79EFBC}") = "TEC_Final_Project_NRB", "TEC_Final_Project_NRB\TEC_Final_Project_NRB.csproj", "{4272F2D6-0E64-44BC-8F29-21DBB980DA8B}"
EndProject
Global
	GlobalSection(SolutionConfigurationPlatforms) = preSolution
		Debug|Any CPU = Debug|Any CPU
		Release|Any CPU = Release|Any CPU
	EndGlobalSection
	GlobalSection(ProjectConfigurationPlatforms) = postSolution
		{4272F2D6-0E64-44BC-8F29-21DBB980DA8B}.Debug|Any CPU.ActiveCfg = Debug|Any CPU
		{4272F2D6-0E64-44BC-8F29-21DBB980DA8B}.Debug|Any CPU.Build.0 = Debug|Any CPU
		{4272F2D6-0E64-44BC-8F29-21DBB980DA8B}.Release|Any CPU.ActiveCfg = Release|Any CPU
		{4272F2D6-0E64-44BC-8F29-21DBB980DA8B}.Release|Any CPU.Build.0 = Release|Any CPU
	EndGlobalSection
	GlobalSection(SolutionProperties) = preSolution
		HideSolutionNode = FALSE
	EndGlobalSection
EndGlobal
